// !$*UTF8*$!
{
	archiveVersion = 1;
	classes = {
	};
	objectVersion = 77;
	objects = {

/* Begin PBXContainerItemProxy section */
		E6DD72E32D9315F300BEBF68 /* PBXContainerItemProxy */ = {
			isa = PBXContainerItemProxy;
			containerPortal = E6DD72CA2D9315F100BEBF68 /* Project object */;
			proxyType = 1;
			remoteGlobalIDString = E6DD72D12D9315F100BEBF68;
			remoteInfo = PetTrack;
		};
		E6DD72ED2D9315F300BEBF68 /* PBXContainerItemProxy */ = {
			isa = PBXContainerItemProxy;
			containerPortal = E6DD72CA2D9315F100BEBF68 /* Project object */;
			proxyType = 1;
			remoteGlobalIDString = E6DD72D12D9315F100BEBF68;
			remoteInfo = PetTrack;
		};
/* End PBXContainerItemProxy section */

/* Begin PBXFileReference section */
		E6DD72D22D9315F100BEBF68 /* PetTrack.app */ = {isa = PBXFileReference; explicitFileType = wrapper.application; includeInIndex = 0; path = PetTrack.app; sourceTree = BUILT_PRODUCTS_DIR; };
		E6DD72E22D9315F300BEBF68 /* PetTrackTests.xctest */ = {isa = PBXFileReference; explicitFileType = wrapper.cfbundle; includeInIndex = 0; path = PetTrackTests.xctest; sourceTree = BUILT_PRODUCTS_DIR; };
		E6DD72EC2D9315F300BEBF68 /* PetTrackUITests.xctest */ = {isa = PBXFileReference; explicitFileType = wrapper.cfbundle; includeInIndex = 0; path = PetTrackUITests.xctest; sourceTree = BUILT_PRODUCTS_DIR; };
/* End PBXFileReference section */

/* Begin PBXFileSystemSynchronizedRootGroup section */
		E6DD72D42D9315F100BEBF68 /* PetTrack */ = {
			isa = PBXFileSystemSynchronizedRootGroup;
			path = PetTrack;
			sourceTree = "<group>";
		};
		E6DD72E52D9315F300BEBF68 /* PetTrackTests */ = {
			isa = PBXFileSystemSynchronizedRootGroup;
			path = PetTrackTests;
			sourceTree = "<group>";
		};
		E6DD72EF2D9315F300BEBF68 /* PetTrackUITests */ = {
			isa = PBXFileSystemSynchronizedRootGroup;
			path = PetTrackUITests;
			sourceTree = "<group>";
		};
/* End PBXFileSystemSynchronizedRootGroup section */

/* Begin PBXFrameworksBuildPhase section */
		E6DD72CF2D9315F100BEBF68 /* Frameworks */ = {
			isa = PBXFrameworksBuildPhase;
			buildActionMask = 2147483647;
			files = (
			);
			runOnlyForDeploymentPostprocessing = 0;
		};
		E6DD72DF2D9315F300BEBF68 /* Frameworks */ = {
			isa = PBXFrameworksBuildPhase;
			buildActionMask = 2147483647;
			files = (
			);
			runOnlyForDeploymentPostprocessing = 0;
		};
		E6DD72E92D9315F300BEBF68 /* Frameworks */ = {
			isa = PBXFrameworksBuildPhase;
			buildActionMask = 2147483647;
			files = (
			);
			runOnlyForDeploymentPostprocessing = 0;
		};
/* End PBXFrameworksBuildPhase section */

/* Begin PBXGroup section */
		E6DD72C92D9315F100BEBF68 = {
			isa = PBXGroup;
			children = (
				E6DD72D42D9315F100BEBF68 /* PetTrack */,
				E6DD72E52D9315F300BEBF68 /* PetTrackTests */,
				E6DD72EF2D9315F300BEBF68 /* PetTrackUITests */,
				E6DD72D32D9315F100BEBF68 /* Products */,
			);
			sourceTree = "<group>";
		};
		E6DD72D32D9315F100BEBF68 /* Products */ = {
			isa = PBXGroup;
			children = (
				E6DD72D22D9315F100BEBF68 /* PetTrack.app */,
				E6DD72E22D9315F300BEBF68 /* PetTrackTests.xctest */,
				E6DD72EC2D9315F300BEBF68 /* PetTrackUITests.xctest */,
			);
			name = Products;
			sourceTree = "<group>";
		};
/* End PBXGroup section */

/* Begin PBXNativeTarget section */
		E6DD72D12D9315F100BEBF68 /* PetTrack */ = {
			isa = PBXNativeTarget;
			buildConfigurationList = E6DD72F62D9315F300BEBF68 /* Build configuration list for PBXNativeTarget "PetTrack" */;
			buildPhases = (
				E6DD72CE2D9315F100BEBF68 /* Sources */,
				E6DD72CF2D9315F100BEBF68 /* Frameworks */,
				E6DD72D02D9315F100BEBF68 /* Resources */,
			);
			buildRules = (
			);
			dependencies = (
			);
			fileSystemSynchronizedGroups = (
				E6DD72D42D9315F100BEBF68 /* PetTrack */,
			);
			name = PetTrack;
			packageProductDependencies = (
			);
			productName = PetTrack;
			productReference = E6DD72D22D9315F100BEBF68 /* PetTrack.app */;
			productType = "com.apple.product-type.application";
		};
		E6DD72E12D9315F300BEBF68 /* PetTrackTests */ = {
			isa = PBXNativeTarget;
			buildConfigurationList = E6DD72F92D9315F300BEBF68 /* Build configuration list for PBXNativeTarget "PetTrackTests" */;
			buildPhases = (
				E6DD72DE2D9315F300BEBF68 /* Sources */,
				E6DD72DF2D9315F300BEBF68 /* Frameworks */,
				E6DD72E02D9315F300BEBF68 /* Resources */,
			);
			buildRules = (
			);
			dependencies = (
				E6DD72E42D9315F300BEBF68 /* PBXTargetDependency */,
			);
			fileSystemSynchronizedGroups = (
				E6DD72E52D9315F300BEBF68 /* PetTrackTests */,
			);
			name = PetTrackTests;
			packageProductDependencies = (
			);
			productName = PetTrackTests;
			productReference = E6DD72E22D9315F300BEBF68 /* PetTrackTests.xctest */;
			productType = "com.apple.product-type.bundle.unit-test";
		};
		E6DD72EB2D9315F300BEBF68 /* PetTrackUITests */ = {
			isa = PBXNativeTarget;
			buildConfigurationList = E6DD72FC2D9315F300BEBF68 /* Build configuration list for PBXNativeTarget "PetTrackUITests" */;
			buildPhases = (
				E6DD72E82D9315F300BEBF68 /* Sources */,
				E6DD72E92D9315F300BEBF68 /* Frameworks */,
				E6DD72EA2D9315F300BEBF68 /* Resources */,
			);
			buildRules = (
			);
			dependencies = (
				E6DD72EE2D9315F300BEBF68 /* PBXTargetDependency */,
			);
			fileSystemSynchronizedGroups = (
				E6DD72EF2D9315F300BEBF68 /* PetTrackUITests */,
			);
			name = PetTrackUITests;
			packageProductDependencies = (
			);
			productName = PetTrackUITests;
			productReference = E6DD72EC2D9315F300BEBF68 /* PetTrackUITests.xctest */;
			productType = "com.apple.product-type.bundle.ui-testing";
		};
/* End PBXNativeTarget section */

/* Begin PBXProject section */
		E6DD72CA2D9315F100BEBF68 /* Project object */ = {
			isa = PBXProject;
			attributes = {
				BuildIndependentTargetsInParallel = 1;
				LastSwiftUpdateCheck = 1620;
				LastUpgradeCheck = 1620;
				TargetAttributes = {
					E6DD72D12D9315F100BEBF68 = {
						CreatedOnToolsVersion = 16.2;
					};
					E6DD72E12D9315F300BEBF68 = {
						CreatedOnToolsVersion = 16.2;
						TestTargetID = E6DD72D12D9315F100BEBF68;
					};
					E6DD72EB2D9315F300BEBF68 = {
						CreatedOnToolsVersion = 16.2;
						TestTargetID = E6DD72D12D9315F100BEBF68;
					};
				};
			};
			buildConfigurationList = E6DD72CD2D9315F100BEBF68 /* Build configuration list for PBXProject "PetTrack" */;
			developmentRegion = en;
			hasScannedForEncodings = 0;
			knownRegions = (
				en,
				Base,
			);
			mainGroup = E6DD72C92D9315F100BEBF68;
			minimizedProjectReferenceProxies = 1;
			preferredProjectObjectVersion = 77;
			productRefGroup = E6DD72D32D9315F100BEBF68 /* Products */;
			projectDirPath = "";
			projectRoot = "";
			targets = (
				E6DD72D12D9315F100BEBF68 /* PetTrack */,
				E6DD72E12D9315F300BEBF68 /* PetTrackTests */,
				E6DD72EB2D9315F300BEBF68 /* PetTrackUITests */,
			);
		};
/* End PBXProject section */

/* Begin PBXResourcesBuildPhase section */
		E6DD72D02D9315F100BEBF68 /* Resources */ = {
			isa = PBXResourcesBuildPhase;
			buildActionMask = 2147483647;
			files = (
			);
			runOnlyForDeploymentPostprocessing = 0;
		};
		E6DD72E02D9315F300BEBF68 /* Resources */ = {
			isa = PBXResourcesBuildPhase;
			buildActionMask = 2147483647;
			files = (
			);
			runOnlyForDeploymentPostprocessing = 0;
		};
		E6DD72EA2D9315F300BEBF68 /* Resources */ = {
			isa = PBXResourcesBuildPhase;
			buildActionMask = 2147483647;
			files = (
			);
			runOnlyForDeploymentPostprocessing = 0;
		};
/* End PBXResourcesBuildPhase section */

/* Begin PBXSourcesBuildPhase section */
		E6DD72CE2D9315F100BEBF68 /* Sources */ = {
			isa = PBXSourcesBuildPhase;
			buildActionMask = 2147483647;
			files = (
			);
			runOnlyForDeploymentPostprocessing = 0;
		};
		E6DD72DE2D9315F300BEBF68 /* Sources */ = {
			isa = PBXSourcesBuildPhase;
			buildActionMask = 2147483647;
			files = (
			);
			runOnlyForDeploymentPostprocessing = 0;
		};
		E6DD72E82D9315F300BEBF68 /* Sources */ = {
			isa = PBXSourcesBuildPhase;
			buildActionMask = 2147483647;
			files = (
			);
			runOnlyForDeploymentPostprocessing = 0;
		};
/* End PBXSourcesBuildPhase section */

/* Begin PBXTargetDependency section */
		E6DD72E42D9315F300BEBF68 /* PBXTargetDependency */ = {
			isa = PBXTargetDependency;
			target = E6DD72D12D9315F100BEBF68 /* PetTrack */;
			targetProxy = E6DD72E32D9315F300BEBF68 /* PBXContainerItemProxy */;
		};
		E6DD72EE2D9315F300BEBF68 /* PBXTargetDependency */ = {
			isa = PBXTargetDependency;
			target = E6DD72D12D9315F100BEBF68 /* PetTrack */;
			targetProxy = E6DD72ED2D9315F300BEBF68 /* PBXContainerItemProxy */;
		};
/* End PBXTargetDependency section */

/* Begin XCBuildConfiguration section */
		E6DD72F42D9315F300BEBF68 /* Debug */ = {
			isa = XCBuildConfiguration;
			buildSettings = {
				ALWAYS_SEARCH_USER_PATHS = NO;
				ASSETCATALOG_COMPILER_GENERATE_SWIFT_ASSET_SYMBOL_EXTENSIONS = YES;
				CLANG_ANALYZER_NONNULL = YES;
				CLANG_ANALYZER_NUMBER_OBJECT_CONVERSION = YES_AGGRESSIVE;
				CLANG_CXX_LANGUAGE_STANDARD = "gnu++20";
				CLANG_ENABLE_MODULES = YES;
				CLANG_ENABLE_OBJC_ARC = YES;
				CLANG_ENABLE_OBJC_WEAK = YES;
				CLANG_WARN_BLOCK_CAPTURE_AUTORELEASING = YES;
				CLANG_WARN_BOOL_CONVERSION = YES;
				CLANG_WARN_COMMA = YES;
				CLANG_WARN_CONSTANT_CONVERSION = YES;
				CLANG_WARN_DEPRECATED_OBJC_IMPLEMENTATIONS = YES;
				CLANG_WARN_DIRECT_OBJC_ISA_USAGE = YES_ERROR;
				CLANG_WARN_DOCUMENTATION_COMMENTS = YES;
				CLANG_WARN_EMPTY_BODY = YES;
				CLANG_WARN_ENUM_CONVERSION = YES;
				CLANG_WARN_INFINITE_RECURSION = YES;
				CLANG_WARN_INT_CONVERSION = YES;
				CLANG_WARN_NON_LITERAL_NULL_CONVERSION = YES;
				CLANG_WARN_OBJC_IMPLICIT_RETAIN_SELF = YES;
				CLANG_WARN_OBJC_LITERAL_CONVERSION = YES;
				CLANG_WARN_OBJC_ROOT_CLASS = YES_ERROR;
				CLANG_WARN_QUOTED_INCLUDE_IN_FRAMEWORK_HEADER = YES;
				CLANG_WARN_RANGE_LOOP_ANALYSIS = YES;
				CLANG_WARN_STRICT_PROTOTYPES = YES;
				CLANG_WARN_SUSPICIOUS_MOVE = YES;
				CLANG_WARN_UNGUARDED_AVAILABILITY = YES_AGGRESSIVE;
				CLANG_WARN_UNREACHABLE_CODE = YES;
				CLANG_WARN__DUPLICATE_METHOD_MATCH = YES;
				COPY_PHASE_STRIP = NO;
				DEBUG_INFORMATION_FORMAT = dwarf;
				ENABLE_STRICT_OBJC_MSGSEND = YES;
				ENABLE_TESTABILITY = YES;
				ENABLE_USER_SCRIPT_SANDBOXING = YES;
				GCC_C_LANGUAGE_STANDARD = gnu17;
				GCC_DYNAMIC_NO_PIC = NO;
				GCC_NO_COMMON_BLOCKS = YES;
				GCC_OPTIMIZATION_LEVEL = 0;
				GCC_PREPROCESSOR_DEFINITIONS = (
					"DEBUG=1",
					"$(inherited)",
				);
				GCC_WARN_64_TO_32_BIT_CONVERSION = YES;
				GCC_WARN_ABOUT_RETURN_TYPE = YES_ERROR;
				GCC_WARN_UNDECLARED_SELECTOR = YES;
				GCC_WARN_UNINITIALIZED_AUTOS = YES_AGGRESSIVE;
				GCC_WARN_UNUSED_FUNCTION = YES;
				GCC_WARN_UNUSED_VARIABLE = YES;
				IPHONEOS_DEPLOYMENT_TARGET = 18.2;
				LOCALIZATION_PREFERS_STRING_CATALOGS = YES;
				MTL_ENABLE_DEBUG_INFO = INCLUDE_SOURCE;
				MTL_FAST_MATH = YES;
				ONLY_ACTIVE_ARCH = YES;
				SDKROOT = iphoneos;
				SWIFT_ACTIVE_COMPILATION_CONDITIONS = "DEBUG $(inherited)";
				SWIFT_OPTIMIZATION_LEVEL = "-Onone";
			};
			name = Debug;
		};
		E6DD72F52D9315F300BEBF68 /* Release */ = {
			isa = XCBuildConfiguration;
			buildSettings = {
				ALWAYS_SEARCH_USER_PATHS = NO;
				ASSETCATALOG_COMPILER_GENERATE_SWIFT_ASSET_SYMBOL_EXTENSIONS = YES;
				CLANG_ANALYZER_NONNULL = YES;
				CLANG_ANALYZER_NUMBER_OBJECT_CONVERSION = YES_AGGRESSIVE;
				CLANG_CXX_LANGUAGE_STANDARD = "gnu++20";
				CLANG_ENABLE_MODULES = YES;
				CLANG_ENABLE_OBJC_ARC = YES;
				CLANG_ENABLE_OBJC_WEAK = YES;
				CLANG_WARN_BLOCK_CAPTURE_AUTORELEASING = YES;
				CLANG_WARN_BOOL_CONVERSION = YES;
				CLANG_WARN_COMMA = YES;
				CLANG_WARN_CONSTANT_CONVERSION = YES;
				CLANG_WARN_DEPRECATED_OBJC_IMPLEMENTATIONS = YES;
				CLANG_WARN_DIRECT_OBJC_ISA_USAGE = YES_ERROR;
				CLANG_WARN_DOCUMENTATION_COMMENTS = YES;
				CLANG_WARN_EMPTY_BODY = YES;
				CLANG_WARN_ENUM_CONVERSION = YES;
				CLANG_WARN_INFINITE_RECURSION = YES;
				CLANG_WARN_INT_CONVERSION = YES;
				CLANG_WARN_NON_LITERAL_NULL_CONVERSION = YES;
				CLANG_WARN_OBJC_IMPLICIT_RETAIN_SELF = YES;
				CLANG_WARN_OBJC_LITERAL_CONVERSION = YES;
				CLANG_WARN_OBJC_ROOT_CLASS = YES_ERROR;
				CLANG_WARN_QUOTED_INCLUDE_IN_FRAMEWORK_HEADER = YES;
				CLANG_WARN_RANGE_LOOP_ANALYSIS = YES;
				CLANG_WARN_STRICT_PROTOTYPES = YES;
				CLANG_WARN_SUSPICIOUS_MOVE = YES;
				CLANG_WARN_UNGUARDED_AVAILABILITY = YES_AGGRESSIVE;
				CLANG_WARN_UNREACHABLE_CODE = YES;
				CLANG_WARN__DUPLICATE_METHOD_MATCH = YES;
				COPY_PHASE_STRIP = NO;
				DEBUG_INFORMATION_FORMAT = "dwarf-with-dsym";
				ENABLE_NS_ASSERTIONS = NO;
				ENABLE_STRICT_OBJC_MSGSEND = YES;
				ENABLE_USER_SCRIPT_SANDBOXING = YES;
				GCC_C_LANGUAGE_STANDARD = gnu17;
				GCC_NO_COMMON_BLOCKS = YES;
				GCC_WARN_64_TO_32_BIT_CONVERSION = YES;
				GCC_WARN_ABOUT_RETURN_TYPE = YES_ERROR;
				GCC_WARN_UNDECLARED_SELECTOR = YES;
				GCC_WARN_UNINITIALIZED_AUTOS = YES_AGGRESSIVE;
				GCC_WARN_UNUSED_FUNCTION = YES;
				GCC_WARN_UNUSED_VARIABLE = YES;
				IPHONEOS_DEPLOYMENT_TARGET = 18.2;
				LOCALIZATION_PREFERS_STRING_CATALOGS = YES;
				MTL_ENABLE_DEBUG_INFO = NO;
				MTL_FAST_MATH = YES;
				SDKROOT = iphoneos;
				SWIFT_COMPILATION_MODE = wholemodule;
				VALIDATE_PRODUCT = YES;
			};
			name = Release;
		};
		E6DD72F72D9315F300BEBF68 /* Debug */ = {
			isa = XCBuildConfiguration;
			buildSettings = {
				ASSETCATALOG_COMPILER_APPICON_NAME = AppIcon;
				ASSETCATALOG_COMPILER_GLOBAL_ACCENT_COLOR_NAME = AccentColor;
				CODE_SIGN_STYLE = Automatic;
				CURRENT_PROJECT_VERSION = 1;
				DEVELOPMENT_ASSET_PATHS = "\"PetTrack/Preview Content\"";
				DEVELOPMENT_TEAM = 562J5FNY26;
				ENABLE_PREVIEWS = YES;
				GENERATE_INFOPLIST_FILE = YES;
				INFOPLIST_KEY_UIApplicationSceneManifest_Generation = YES;
				INFOPLIST_KEY_UIApplicationSupportsIndirectInputEvents = YES;
				INFOPLIST_KEY_UILaunchScreen_Generation = YES;
				INFOPLIST_KEY_UISupportedInterfaceOrientations_iPad = "UIInterfaceOrientationPortrait UIInterfaceOrientationPortraitUpsideDown UIInterfaceOrientationLandscapeLeft UIInterfaceOrientationLandscapeRight";
				INFOPLIST_KEY_UISupportedInterfaceOrientations_iPhone = "UIInterfaceOrientationPortrait UIInterfaceOrientationLandscapeLeft UIInterfaceOrientationLandscapeRight";
				LD_RUNPATH_SEARCH_PATHS = (
					"$(inherited)",
					"@executable_path/Frameworks",
				);
				MARKETING_VERSION = 1.0;
				PRODUCT_BUNDLE_IDENTIFIER = com.hilmiyegurdogan.PetTrack;
				PRODUCT_NAME = "$(TARGET_NAME)";
				SWIFT_EMIT_LOC_STRINGS = YES;
				SWIFT_VERSION = 5.0;
				TARGETED_DEVICE_FAMILY = "1,2";
			};
			name = Debug;
		};
		E6DD72F82D9315F300BEBF68 /* Release */ = {
			isa = XCBuildConfiguration;
			buildSettings = {
				ASSETCATALOG_COMPILER_APPICON_NAME = AppIcon;
				ASSETCATALOG_COMPILER_GLOBAL_ACCENT_COLOR_NAME = AccentColor;
				CODE_SIGN_STYLE = Automatic;
				CURRENT_PROJECT_VERSION = 1;
				DEVELOPMENT_ASSET_PATHS = "\"PetTrack/Preview Content\"";
				DEVELOPMENT_TEAM = 562J5FNY26;
				ENABLE_PREVIEWS = YES;
				GENERATE_INFOPLIST_FILE = YES;
				INFOPLIST_KEY_UIApplicationSceneManifest_Generation = YES;
				INFOPLIST_KEY_UIApplicationSupportsIndirectInputEvents = YES;
				INFOPLIST_KEY_UILaunchScreen_Generation = YES;
				INFOPLIST_KEY_UISupportedInterfaceOrientations_iPad = "UIInterfaceOrientationPortrait UIInterfaceOrientationPortraitUpsideDown UIInterfaceOrientationLandscapeLeft UIInterfaceOrientationLandscapeRight";
				INFOPLIST_KEY_UISupportedInterfaceOrientations_iPhone = "UIInterfaceOrientationPortrait UIInterfaceOrientationLandscapeLeft UIInterfaceOrientationLandscapeRight";
				LD_RUNPATH_SEARCH_PATHS = (
					"$(inherited)",
					"@executable_path/Frameworks",
				);
				MARKETING_VERSION = 1.0;
				PRODUCT_BUNDLE_IDENTIFIER = com.hilmiyegurdogan.PetTrack;
				PRODUCT_NAME = "$(TARGET_NAME)";
				SWIFT_EMIT_LOC_STRINGS = YES;
				SWIFT_VERSION = 5.0;
				TARGETED_DEVICE_FAMILY = "1,2";
			};
			name = Release;
		};
		E6DD72FA2D9315F300BEBF68 /* Debug */ = {
			isa = XCBuildConfiguration;
			buildSettings = {
				BUNDLE_LOADER = "$(TEST_HOST)";
				CODE_SIGN_STYLE = Automatic;
				CURRENT_PROJECT_VERSION = 1;
				DEVELOPMENT_TEAM = 562J5FNY26;
				GENERATE_INFOPLIST_FILE = YES;
				IPHONEOS_DEPLOYMENT_TARGET = 18.2;
				MARKETING_VERSION = 1.0;
				PRODUCT_BUNDLE_IDENTIFIER = com.hilmiyegurdogan.PetTrackTests;
				PRODUCT_NAME = "$(TARGET_NAME)";
				SWIFT_EMIT_LOC_STRINGS = NO;
				SWIFT_VERSION = 5.0;
				TARGETED_DEVICE_FAMILY = "1,2";
				TEST_HOST = "$(BUILT_PRODUCTS_DIR)/PetTrack.app/$(BUNDLE_EXECUTABLE_FOLDER_PATH)/PetTrack";
			};
			name = Debug;
		};
		E6DD72FB2D9315F300BEBF68 /* Release */ = {
			isa = XCBuildConfiguration;
			buildSettings = {
				BUNDLE_LOADER = "$(TEST_HOST)";
				CODE_SIGN_STYLE = Automatic;
				CURRENT_PROJECT_VERSION = 1;
				DEVELOPMENT_TEAM = 562J5FNY26;
				GENERATE_INFOPLIST_FILE = YES;
				IPHONEOS_DEPLOYMENT_TARGET = 18.2;
				MARKETING_VERSION = 1.0;
				PRODUCT_BUNDLE_IDENTIFIER = com.hilmiyegurdogan.PetTrackTests;
				PRODUCT_NAME = "$(TARGET_NAME)";
				SWIFT_EMIT_LOC_STRINGS = NO;
				SWIFT_VERSION = 5.0;
				TARGETED_DEVICE_FAMILY = "1,2";
				TEST_HOST = "$(BUILT_PRODUCTS_DIR)/PetTrack.app/$(BUNDLE_EXECUTABLE_FOLDER_PATH)/PetTrack";
			};
			name = Release;
		};
		E6DD72FD2D9315F300BEBF68 /* Debug */ = {
			isa = XCBuildConfiguration;
			buildSettings = {
				CODE_SIGN_STYLE = Automatic;
				CURRENT_PROJECT_VERSION = 1;
				DEVELOPMENT_TEAM = 562J5FNY26;
				GENERATE_INFOPLIST_FILE = YES;
				MARKETING_VERSION = 1.0;
				PRODUCT_BUNDLE_IDENTIFIER = com.hilmiyegurdogan.PetTrackUITests;
				PRODUCT_NAME = "$(TARGET_NAME)";
				SWIFT_EMIT_LOC_STRINGS = NO;
				SWIFT_VERSION = 5.0;
				TARGETED_DEVICE_FAMILY = "1,2";
				TEST_TARGET_NAME = PetTrack;
			};
			name = Debug;
		};
		E6DD72FE2D9315F300BEBF68 /* Release */ = {
			isa = XCBuildConfiguration;
			buildSettings = {
				CODE_SIGN_STYLE = Automatic;
				CURRENT_PROJECT_VERSION = 1;
				DEVELOPMENT_TEAM = 562J5FNY26;
				GENERATE_INFOPLIST_FILE = YES;
				MARKETING_VERSION = 1.0;
				PRODUCT_BUNDLE_IDENTIFIER = com.hilmiyegurdogan.PetTrackUITests;
				PRODUCT_NAME = "$(TARGET_NAME)";
				SWIFT_EMIT_LOC_STRINGS = NO;
				SWIFT_VERSION = 5.0;
				TARGETED_DEVICE_FAMILY = "1,2";
				TEST_TARGET_NAME = PetTrack;
			};
			name = Release;
		};
/* End XCBuildConfiguration section */

/* Begin XCConfigurationList section */
		E6DD72CD2D9315F100BEBF68 /* Build configuration list for PBXProject "PetTrack" */ = {
			isa = XCConfigurationList;
			buildConfigurations = (
				E6DD72F42D9315F300BEBF68 /* Debug */,
				E6DD72F52D9315F300BEBF68 /* Release */,
			);
			defaultConfigurationIsVisible = 0;
			defaultConfigurationName = Release;
		};
		E6DD72F62D9315F300BEBF68 /* Build configuration list for PBXNativeTarget "PetTrack" */ = {
			isa = XCConfigurationList;
			buildConfigurations = (
				E6DD72F72D9315F300BEBF68 /* Debug */,
				E6DD72F82D9315F300BEBF68 /* Release */,
			);
			defaultConfigurationIsVisible = 0;
			defaultConfigurationName = Release;
		};
		E6DD72F92D9315F300BEBF68 /* Build configuration list for PBXNativeTarget "PetTrackTests" */ = {
			isa = XCConfigurationList;
			buildConfigurations = (
				E6DD72FA2D9315F300BEBF68 /* Debug */,
				E6DD72FB2D9315F300BEBF68 /* Release */,
			);
			defaultConfigurationIsVisible = 0;
			defaultConfigurationName = Release;
		};
		E6DD72FC2D9315F300BEBF68 /* Build configuration list for PBXNativeTarget "PetTrackUITests" */ = {
			isa = XCConfigurationList;
			buildConfigurations = (
				E6DD72FD2D9315F300BEBF68 /* Debug */,
				E6DD72FE2D9315F300BEBF68 /* Release */,
			);
			defaultConfigurationIsVisible = 0;
			defaultConfigurationName = Release;
		};
/* End XCConfigurationList section */
	};
	rootObject = E6DD72CA2D9315F100BEBF68 /* Project object */;
}
